
Microsoft Visual Studio Solution File, Format Version 12.00
# Visual Studio Version 16
VisualStudioVersion = 16.0.32413.511
MinimumVisualStudioVersion = 10.0.40219.1
Project("{FAE04EC0-301F-11D3-BF4B-00C04F79EFBC}") = "BMI_Guna2", "BMI_Guna2\BMI_Guna2.csproj", "{3AA1C3AB-D2C1-4F38-AC78-FED7D2FDD21F}"
EndProject
Global
	GlobalSection(SolutionConfigurationPlatforms) = preSolution
		Debug|Any CPU = Debug|Any CPU
		Release|Any CPU = Release|Any CPU
	EndGlobalSection
	GlobalSection(ProjectConfigurationPlatforms) = postSolution
		{3AA1C3AB-D2C1-4F38-AC78-FED7D2FDD21F}.Debug|Any CPU.ActiveCfg = Debug|Any CPU
		{3AA1C3AB-D2C1-4F38-AC78-FED7D2FDD21F}.Debug|Any CPU.Build.0 = Debug|Any CPU
		{3AA1C3AB-D2C1-4F38-AC78-FED7D2FDD21F}.Release|Any CPU.ActiveCfg = Release|Any CPU
		{3AA1C3AB-D2C1-4F38-AC78-FED7D2FDD21F}.Release|Any CPU.Build.0 = Release|Any CPU
	EndGlobalSection
	GlobalSection(SolutionProperties) = preSolution
		HideSolutionNode = FALSE
	EndGlobalSection
	GlobalSection(ExtensibilityGlobals) = postSolution
		SolutionGuid = {59370754-7D14-4234-8B94-CA477DAF8FFA}
	EndGlobalSection
EndGlobal
